
Microsoft Visual Studio Solution File, Format Version 12.00
# Visual Studio Version 16
VisualStudioVersion = 16.0.31613.86
MinimumVisualStudioVersion = 10.0.40219.1
Project("{8BC9CEB8-8B4A-11D0-8D11-00A0C91BC942}") = "AntiGCCollectTrap", "AntiGCCollectTrap\AntiGCCollectTrap.vcxproj", "{B950AB11-BBD1-4856-A7BA-D7B938224E48}"
EndProject
Project("{FAE04EC0-301F-11D3-BF4B-00C04F79EFBC}") = "MelonMod", "MelonMod\MelonMod.csproj", "{788BC472-59F7-46F6-B760-65C18BA74389}"
EndProject
Global
	GlobalSection(SolutionConfigurationPlatforms) = preSolution
		Debug|Any CPU = Debug|Any CPU
		Debug|x64 = Debug|x64
		Debug|x86 = Debug|x86
		Release|Any CPU = Release|Any CPU
		Release|x64 = Release|x64
		Release|x86 = Release|x86
	EndGlobalSection
	GlobalSection(ProjectConfigurationPlatforms) = postSolution
		{B950AB11-BBD1-4856-A7BA-D7B938224E48}.Debug|Any CPU.ActiveCfg = Debug|Win32
		{B950AB11-BBD1-4856-A7BA-D7B938224E48}.Debug|x64.ActiveCfg = Debug|x64
		{B950AB11-BBD1-4856-A7BA-D7B938224E48}.Debug|x64.Build.0 = Debug|x64
		{B950AB11-BBD1-4856-A7BA-D7B938224E48}.Debug|x86.ActiveCfg = Debug|Win32
		{B950AB11-BBD1-4856-A7BA-D7B938224E48}.Debug|x86.Build.0 = Debug|Win32
		{B950AB11-BBD1-4856-A7BA-D7B938224E48}.Release|Any CPU.ActiveCfg = Release|Win32
		{B950AB11-BBD1-4856-A7BA-D7B938224E48}.Release|x64.ActiveCfg = Release|x64
		{B950AB11-BBD1-4856-A7BA-D7B938224E48}.Release|x64.Build.0 = Release|x64
		{B950AB11-BBD1-4856-A7BA-D7B938224E48}.Release|x86.ActiveCfg = Release|Win32
		{B950AB11-BBD1-4856-A7BA-D7B938224E48}.Release|x86.Build.0 = Release|Win32
		{788BC472-59F7-46F6-B760-65C18BA74389}.Debug|Any CPU.ActiveCfg = Release|Any CPU
		{788BC472-59F7-46F6-B760-65C18BA74389}.Debug|Any CPU.Build.0 = Release|Any CPU
		{788BC472-59F7-46F6-B760-65C18BA74389}.Debug|x64.ActiveCfg = Release|Any CPU
		{788BC472-59F7-46F6-B760-65C18BA74389}.Debug|x64.Build.0 = Release|Any CPU
		{788BC472-59F7-46F6-B760-65C18BA74389}.Debug|x86.ActiveCfg = Release|Any CPU
		{788BC472-59F7-46F6-B760-65C18BA74389}.Debug|x86.Build.0 = Release|Any CPU
		{788BC472-59F7-46F6-B760-65C18BA74389}.Release|Any CPU.ActiveCfg = Release|Any CPU
		{788BC472-59F7-46F6-B760-65C18BA74389}.Release|Any CPU.Build.0 = Release|Any CPU
		{788BC472-59F7-46F6-B760-65C18BA74389}.Release|x64.ActiveCfg = Release|Any CPU
		{788BC472-59F7-46F6-B760-65C18BA74389}.Release|x64.Build.0 = Release|Any CPU
		{788BC472-59F7-46F6-B760-65C18BA74389}.Release|x86.ActiveCfg = Release|Any CPU
		{788BC472-59F7-46F6-B760-65C18BA74389}.Release|x86.Build.0 = Release|Any CPU
	EndGlobalSection
	GlobalSection(SolutionProperties) = preSolution
		HideSolutionNode = FALSE
	EndGlobalSection
	GlobalSection(ExtensibilityGlobals) = postSolution
		SolutionGuid = {10F1AAC4-2311-4A0F-9562-BE0A989E66A5}
	EndGlobalSection
EndGlobal
